// !$*UTF8*$!
{
	archiveVersion = 1;
	classes = {
	};
	objectVersion = 55;
	objects = {

/* Begin PBXBuildFile section */
		09EE4FD1C2C4081A34F14FB8 /* Pods_CoinStats.framework in Frameworks */ = {isa = PBXBuildFile; fileRef = 4AB77D8C7BF9A858D9640DEA /* Pods_CoinStats.framework */; };
		384BE4A028A2C7FA00570C02 /* AppDelegate.swift in Sources */ = {isa = PBXBuildFile; fileRef = 384BE49F28A2C7FA00570C02 /* AppDelegate.swift */; };
		384BE4A428A2C7FA00570C02 /* ViewController.swift in Sources */ = {isa = PBXBuildFile; fileRef = 384BE4A328A2C7FA00570C02 /* ViewController.swift */; };
		384BE4A728A2C7FA00570C02 /* Main.storyboard in Resources */ = {isa = PBXBuildFile; fileRef = 384BE4A528A2C7FA00570C02 /* Main.storyboard */; };
		384BE4A928A2C7FB00570C02 /* Assets.xcassets in Resources */ = {isa = PBXBuildFile; fileRef = 384BE4A828A2C7FB00570C02 /* Assets.xcassets */; };
		384BE4AC28A2C7FB00570C02 /* LaunchScreen.storyboard in Resources */ = {isa = PBXBuildFile; fileRef = 384BE4AA28A2C7FB00570C02 /* LaunchScreen.storyboard */; };
		385B25EF28A2DB1000F14061 /* NetworkService.swift in Sources */ = {isa = PBXBuildFile; fileRef = 385B25EE28A2DB1000F14061 /* NetworkService.swift */; };
		385B25F128A2DD2000F14061 /* Coin.swift in Sources */ = {isa = PBXBuildFile; fileRef = 385B25F028A2DD2000F14061 /* Coin.swift */; };
		385B25F428A2E03100F14061 /* Constants.swift in Sources */ = {isa = PBXBuildFile; fileRef = 385B25F328A2E03100F14061 /* Constants.swift */; };
		385B25F928A2E9C300F14061 /* RootNavigationController.swift in Sources */ = {isa = PBXBuildFile; fileRef = 385B25F828A2E9C300F14061 /* RootNavigationController.swift */; };
		385B25FB28A2EF0400F14061 /* CoinDataManager.swift in Sources */ = {isa = PBXBuildFile; fileRef = 385B25FA28A2EF0400F14061 /* CoinDataManager.swift */; };
		385B25FD28A2F46600F14061 /* Dictionary+Ext.swift in Sources */ = {isa = PBXBuildFile; fileRef = 385B25FC28A2F46600F14061 /* Dictionary+Ext.swift */; };
		385B260028A35E8700F14061 /* CoinsInfoListView.swift in Sources */ = {isa = PBXBuildFile; fileRef = 385B25FF28A35E8700F14061 /* CoinsInfoListView.swift */; };
		385B260228A35E8E00F14061 /* CoinsInfoListView.xib in Resources */ = {isa = PBXBuildFile; fileRef = 385B260128A35E8E00F14061 /* CoinsInfoListView.xib */; };
		385B260428A35E9900F14061 /* CoinsInfoListViewModel.swift in Sources */ = {isa = PBXBuildFile; fileRef = 385B260328A35E9900F14061 /* CoinsInfoListViewModel.swift */; };
		385B260C28A3623D00F14061 /* CoinInfoTableViewCell.swift in Sources */ = {isa = PBXBuildFile; fileRef = 385B260A28A3623D00F14061 /* CoinInfoTableViewCell.swift */; };
		385B260D28A3623D00F14061 /* CoinInfoTableViewCell.xib in Resources */ = {isa = PBXBuildFile; fileRef = 385B260B28A3623D00F14061 /* CoinInfoTableViewCell.xib */; };
		385B260F28A3625400F14061 /* CoinInfoCellViewModel.swift in Sources */ = {isa = PBXBuildFile; fileRef = 385B260E28A3625400F14061 /* CoinInfoCellViewModel.swift */; };
/* End PBXBuildFile section */

/* Begin PBXFileReference section */
		384592329123175CE2507307 /* Pods-CoinStats.debug.xcconfig */ = {isa = PBXFileReference; includeInIndex = 1; lastKnownFileType = text.xcconfig; name = "Pods-CoinStats.debug.xcconfig"; path = "Target Support Files/Pods-CoinStats/Pods-CoinStats.debug.xcconfig"; sourceTree = "<group>"; };
		384BE49C28A2C7FA00570C02 /* CoinStats.app */ = {isa = PBXFileReference; explicitFileType = wrapper.application; includeInIndex = 0; path = CoinStats.app; sourceTree = BUILT_PRODUCTS_DIR; };
		384BE49F28A2C7FA00570C02 /* AppDelegate.swift */ = {isa = PBXFileReference; lastKnownFileType = sourcecode.swift; path = AppDelegate.swift; sourceTree = "<group>"; };
		384BE4A328A2C7FA00570C02 /* ViewController.swift */ = {isa = PBXFileReference; lastKnownFileType = sourcecode.swift; path = ViewController.swift; sourceTree = "<group>"; };
		384BE4A628A2C7FA00570C02 /* Base */ = {isa = PBXFileReference; lastKnownFileType = file.storyboard; name = Base; path = Base.lproj/Main.storyboard; sourceTree = "<group>"; };
		384BE4A828A2C7FB00570C02 /* Assets.xcassets */ = {isa = PBXFileReference; lastKnownFileType = folder.assetcatalog; path = Assets.xcassets; sourceTree = "<group>"; };
		384BE4AB28A2C7FB00570C02 /* Base */ = {isa = PBXFileReference; lastKnownFileType = file.storyboard; name = Base; path = Base.lproj/LaunchScreen.storyboard; sourceTree = "<group>"; };
		384BE4AD28A2C7FB00570C02 /* Info.plist */ = {isa = PBXFileReference; lastKnownFileType = text.plist.xml; path = Info.plist; sourceTree = "<group>"; };
		385B25EE28A2DB1000F14061 /* NetworkService.swift */ = {isa = PBXFileReference; lastKnownFileType = sourcecode.swift; path = NetworkService.swift; sourceTree = "<group>"; };
		385B25F028A2DD2000F14061 /* Coin.swift */ = {isa = PBXFileReference; lastKnownFileType = sourcecode.swift; path = Coin.swift; sourceTree = "<group>"; };
		385B25F328A2E03100F14061 /* Constants.swift */ = {isa = PBXFileReference; lastKnownFileType = sourcecode.swift; path = Constants.swift; sourceTree = "<group>"; };
		385B25F828A2E9C300F14061 /* RootNavigationController.swift */ = {isa = PBXFileReference; lastKnownFileType = sourcecode.swift; path = RootNavigationController.swift; sourceTree = "<group>"; };
		385B25FA28A2EF0400F14061 /* CoinDataManager.swift */ = {isa = PBXFileReference; lastKnownFileType = sourcecode.swift; path = CoinDataManager.swift; sourceTree = "<group>"; };
		385B25FC28A2F46600F14061 /* Dictionary+Ext.swift */ = {isa = PBXFileReference; lastKnownFileType = sourcecode.swift; path = "Dictionary+Ext.swift"; sourceTree = "<group>"; };
		385B25FF28A35E8700F14061 /* CoinsInfoListView.swift */ = {isa = PBXFileReference; lastKnownFileType = sourcecode.swift; path = CoinsInfoListView.swift; sourceTree = "<group>"; };
		385B260128A35E8E00F14061 /* CoinsInfoListView.xib */ = {isa = PBXFileReference; lastKnownFileType = file.xib; path = CoinsInfoListView.xib; sourceTree = "<group>"; };
		385B260328A35E9900F14061 /* CoinsInfoListViewModel.swift */ = {isa = PBXFileReference; lastKnownFileType = sourcecode.swift; path = CoinsInfoListViewModel.swift; sourceTree = "<group>"; };
		385B260A28A3623D00F14061 /* CoinInfoTableViewCell.swift */ = {isa = PBXFileReference; lastKnownFileType = sourcecode.swift; path = CoinInfoTableViewCell.swift; sourceTree = "<group>"; };
		385B260B28A3623D00F14061 /* CoinInfoTableViewCell.xib */ = {isa = PBXFileReference; lastKnownFileType = file.xib; path = CoinInfoTableViewCell.xib; sourceTree = "<group>"; };
		385B260E28A3625400F14061 /* CoinInfoCellViewModel.swift */ = {isa = PBXFileReference; lastKnownFileType = sourcecode.swift; path = CoinInfoCellViewModel.swift; sourceTree = "<group>"; };
		4AB77D8C7BF9A858D9640DEA /* Pods_CoinStats.framework */ = {isa = PBXFileReference; explicitFileType = wrapper.framework; includeInIndex = 0; path = Pods_CoinStats.framework; sourceTree = BUILT_PRODUCTS_DIR; };
		E819D8325FBDA930BAC30174 /* Pods-CoinStats.release.xcconfig */ = {isa = PBXFileReference; includeInIndex = 1; lastKnownFileType = text.xcconfig; name = "Pods-CoinStats.release.xcconfig"; path = "Target Support Files/Pods-CoinStats/Pods-CoinStats.release.xcconfig"; sourceTree = "<group>"; };
/* End PBXFileReference section */

/* Begin PBXFrameworksBuildPhase section */
		384BE49928A2C7FA00570C02 /* Frameworks */ = {
			isa = PBXFrameworksBuildPhase;
			buildActionMask = 2147483647;
			files = (
				09EE4FD1C2C4081A34F14FB8 /* Pods_CoinStats.framework in Frameworks */,
			);
			runOnlyForDeploymentPostprocessing = 0;
		};
/* End PBXFrameworksBuildPhase section */

/* Begin PBXGroup section */
		2C2C0EC00A81E4775BEC1855 /* Frameworks */ = {
			isa = PBXGroup;
			children = (
				4AB77D8C7BF9A858D9640DEA /* Pods_CoinStats.framework */,
			);
			name = Frameworks;
			sourceTree = "<group>";
		};
		384BE49328A2C7FA00570C02 = {
			isa = PBXGroup;
			children = (
				384BE49E28A2C7FA00570C02 /* CoinStats */,
				384BE49D28A2C7FA00570C02 /* Products */,
				54709B3FC8389BBBD84FA3E2 /* Pods */,
				2C2C0EC00A81E4775BEC1855 /* Frameworks */,
			);
			sourceTree = "<group>";
		};
		384BE49D28A2C7FA00570C02 /* Products */ = {
			isa = PBXGroup;
			children = (
				384BE49C28A2C7FA00570C02 /* CoinStats.app */,
			);
			name = Products;
			sourceTree = "<group>";
		};
		384BE49E28A2C7FA00570C02 /* CoinStats */ = {
			isa = PBXGroup;
			children = (
				385B25EB28A2D96800F14061 /* UI */,
				385B25F628A2E86700F14061 /* DataManagers */,
				385B25ED28A2D97200F14061 /* Services */,
				385B25EC28A2D96C00F14061 /* Models */,
				385B25F528A2E82700F14061 /* Supporting Files */,
				385B25F228A2E02700F14061 /* Utils */,
			);
			path = CoinStats;
			sourceTree = "<group>";
		};
		385B25EB28A2D96800F14061 /* UI */ = {
			isa = PBXGroup;
			children = (
				385B260828A35FB000F14061 /* Cells */,
				385B260728A35F9800F14061 /* NavigationControllers */,
				385B260628A35F8F00F14061 /* ViewControllers */,
				385B260528A35F8B00F14061 /* Views */,
			);
			path = UI;
			sourceTree = "<group>";
		};
		385B25EC28A2D96C00F14061 /* Models */ = {
			isa = PBXGroup;
			children = (
				385B25F028A2DD2000F14061 /* Coin.swift */,
			);
			path = Models;
			sourceTree = "<group>";
		};
		385B25ED28A2D97200F14061 /* Services */ = {
			isa = PBXGroup;
			children = (
				385B25EE28A2DB1000F14061 /* NetworkService.swift */,
			);
			path = Services;
			sourceTree = "<group>";
		};
		385B25F228A2E02700F14061 /* Utils */ = {
			isa = PBXGroup;
			children = (
				385B25F328A2E03100F14061 /* Constants.swift */,
				385B25FC28A2F46600F14061 /* Dictionary+Ext.swift */,
			);
			path = Utils;
			sourceTree = "<group>";
		};
		385B25F528A2E82700F14061 /* Supporting Files */ = {
			isa = PBXGroup;
			children = (
				384BE49F28A2C7FA00570C02 /* AppDelegate.swift */,
				384BE4A528A2C7FA00570C02 /* Main.storyboard */,
				384BE4A828A2C7FB00570C02 /* Assets.xcassets */,
				384BE4AA28A2C7FB00570C02 /* LaunchScreen.storyboard */,
				384BE4AD28A2C7FB00570C02 /* Info.plist */,
			);
			path = "Supporting Files";
			sourceTree = "<group>";
		};
		385B25F628A2E86700F14061 /* DataManagers */ = {
			isa = PBXGroup;
			children = (
				385B25FA28A2EF0400F14061 /* CoinDataManager.swift */,
			);
			path = DataManagers;
			sourceTree = "<group>";
		};
		385B25F728A2E9AC00F14061 /* Root */ = {
			isa = PBXGroup;
			children = (
				385B25F828A2E9C300F14061 /* RootNavigationController.swift */,
			);
			path = Root;
			sourceTree = "<group>";
		};
		385B25FE28A35E3300F14061 /* CoinsInfoListView */ = {
			isa = PBXGroup;
			children = (
				385B25FF28A35E8700F14061 /* CoinsInfoListView.swift */,
				385B260128A35E8E00F14061 /* CoinsInfoListView.xib */,
				385B260328A35E9900F14061 /* CoinsInfoListViewModel.swift */,
			);
			path = CoinsInfoListView;
			sourceTree = "<group>";
		};
		385B260528A35F8B00F14061 /* Views */ = {
			isa = PBXGroup;
			children = (
				385B25FE28A35E3300F14061 /* CoinsInfoListView */,
			);
			path = Views;
			sourceTree = "<group>";
		};
		385B260628A35F8F00F14061 /* ViewControllers */ = {
			isa = PBXGroup;
			children = (
				384BE4A328A2C7FA00570C02 /* ViewController.swift */,
			);
			path = ViewControllers;
			sourceTree = "<group>";
		};
		385B260728A35F9800F14061 /* NavigationControllers */ = {
			isa = PBXGroup;
			children = (
				385B25F728A2E9AC00F14061 /* Root */,
			);
			path = NavigationControllers;
			sourceTree = "<group>";
		};
		385B260828A35FB000F14061 /* Cells */ = {
			isa = PBXGroup;
			children = (
				385B260928A35FB800F14061 /* TableViewCells */,
			);
			path = Cells;
			sourceTree = "<group>";
		};
		385B260928A35FB800F14061 /* TableViewCells */ = {
			isa = PBXGroup;
			children = (
				385B260A28A3623D00F14061 /* CoinInfoTableViewCell.swift */,
				385B260B28A3623D00F14061 /* CoinInfoTableViewCell.xib */,
				385B260E28A3625400F14061 /* CoinInfoCellViewModel.swift */,
			);
			path = TableViewCells;
			sourceTree = "<group>";
		};
		54709B3FC8389BBBD84FA3E2 /* Pods */ = {
			isa = PBXGroup;
			children = (
				384592329123175CE2507307 /* Pods-CoinStats.debug.xcconfig */,
				E819D8325FBDA930BAC30174 /* Pods-CoinStats.release.xcconfig */,
			);
			path = Pods;
			sourceTree = "<group>";
		};
/* End PBXGroup section */

/* Begin PBXNativeTarget section */
		384BE49B28A2C7FA00570C02 /* CoinStats */ = {
			isa = PBXNativeTarget;
			buildConfigurationList = 384BE4B028A2C7FB00570C02 /* Build configuration list for PBXNativeTarget "CoinStats" */;
			buildPhases = (
				58E1C2F56FCD1CE17AEE29C7 /* [CP] Check Pods Manifest.lock */,
				384BE49828A2C7FA00570C02 /* Sources */,
				384BE49928A2C7FA00570C02 /* Frameworks */,
				384BE49A28A2C7FA00570C02 /* Resources */,
				1B6EED711C5EF33420D2884F /* [CP] Embed Pods Frameworks */,
			);
			buildRules = (
			);
			dependencies = (
			);
			name = CoinStats;
			productName = CoinStats;
			productReference = 384BE49C28A2C7FA00570C02 /* CoinStats.app */;
			productType = "com.apple.product-type.application";
		};
/* End PBXNativeTarget section */

/* Begin PBXProject section */
		384BE49428A2C7FA00570C02 /* Project object */ = {
			isa = PBXProject;
			attributes = {
				BuildIndependentTargetsInParallel = 1;
				LastSwiftUpdateCheck = 1340;
				LastUpgradeCheck = 1340;
				TargetAttributes = {
					384BE49B28A2C7FA00570C02 = {
						CreatedOnToolsVersion = 13.4.1;
					};
				};
			};
			buildConfigurationList = 384BE49728A2C7FA00570C02 /* Build configuration list for PBXProject "CoinStats" */;
			compatibilityVersion = "Xcode 13.0";
			developmentRegion = en;
			hasScannedForEncodings = 0;
			knownRegions = (
				en,
				Base,
			);
			mainGroup = 384BE49328A2C7FA00570C02;
			productRefGroup = 384BE49D28A2C7FA00570C02 /* Products */;
			projectDirPath = "";
			projectRoot = "";
			targets = (
				384BE49B28A2C7FA00570C02 /* CoinStats */,
			);
		};
/* End PBXProject section */

/* Begin PBXResourcesBuildPhase section */
		384BE49A28A2C7FA00570C02 /* Resources */ = {
			isa = PBXResourcesBuildPhase;
			buildActionMask = 2147483647;
			files = (
				385B260D28A3623D00F14061 /* CoinInfoTableViewCell.xib in Resources */,
				384BE4AC28A2C7FB00570C02 /* LaunchScreen.storyboard in Resources */,
				385B260228A35E8E00F14061 /* CoinsInfoListView.xib in Resources */,
				384BE4A928A2C7FB00570C02 /* Assets.xcassets in Resources */,
				384BE4A728A2C7FA00570C02 /* Main.storyboard in Resources */,
			);
			runOnlyForDeploymentPostprocessing = 0;
		};
/* End PBXResourcesBuildPhase section */

/* Begin PBXShellScriptBuildPhase section */
		1B6EED711C5EF33420D2884F /* [CP] Embed Pods Frameworks */ = {
			isa = PBXShellScriptBuildPhase;
			buildActionMask = 2147483647;
			files = (
			);
			inputFileListPaths = (
				"${PODS_ROOT}/Target Support Files/Pods-CoinStats/Pods-CoinStats-frameworks-${CONFIGURATION}-input-files.xcfilelist",
			);
			name = "[CP] Embed Pods Frameworks";
			outputFileListPaths = (
				"${PODS_ROOT}/Target Support Files/Pods-CoinStats/Pods-CoinStats-frameworks-${CONFIGURATION}-output-files.xcfilelist",
			);
			runOnlyForDeploymentPostprocessing = 0;
			shellPath = /bin/sh;
			shellScript = "\"${PODS_ROOT}/Target Support Files/Pods-CoinStats/Pods-CoinStats-frameworks.sh\"\n";
			showEnvVarsInLog = 0;
		};
		58E1C2F56FCD1CE17AEE29C7 /* [CP] Check Pods Manifest.lock */ = {
			isa = PBXShellScriptBuildPhase;
			buildActionMask = 2147483647;
			files = (
			);
			inputFileListPaths = (
			);
			inputPaths = (
				"${PODS_PODFILE_DIR_PATH}/Podfile.lock",
				"${PODS_ROOT}/Manifest.lock",
			);
			name = "[CP] Check Pods Manifest.lock";
			outputFileListPaths = (
			);
			outputPaths = (
				"$(DERIVED_FILE_DIR)/Pods-CoinStats-checkManifestLockResult.txt",
			);
			runOnlyForDeploymentPostprocessing = 0;
			shellPath = /bin/sh;
			shellScript = "diff \"${PODS_PODFILE_DIR_PATH}/Podfile.lock\" \"${PODS_ROOT}/Manifest.lock\" > /dev/null\nif [ $? != 0 ] ; then\n    # print error to STDERR\n    echo \"error: The sandbox is not in sync with the Podfile.lock. Run 'pod install' or update your CocoaPods installation.\" >&2\n    exit 1\nfi\n# This output is used by Xcode 'outputs' to avoid re-running this script phase.\necho \"SUCCESS\" > \"${SCRIPT_OUTPUT_FILE_0}\"\n";
			showEnvVarsInLog = 0;
		};
/* End PBXShellScriptBuildPhase section */

/* Begin PBXSourcesBuildPhase section */
		384BE49828A2C7FA00570C02 /* Sources */ = {
			isa = PBXSourcesBuildPhase;
			buildActionMask = 2147483647;
			files = (
				385B25FB28A2EF0400F14061 /* CoinDataManager.swift in Sources */,
				385B260428A35E9900F14061 /* CoinsInfoListViewModel.swift in Sources */,
				385B260C28A3623D00F14061 /* CoinInfoTableViewCell.swift in Sources */,
				385B25FD28A2F46600F14061 /* Dictionary+Ext.swift in Sources */,
				385B260028A35E8700F14061 /* CoinsInfoListView.swift in Sources */,
				385B25F428A2E03100F14061 /* Constants.swift in Sources */,
				384BE4A428A2C7FA00570C02 /* ViewController.swift in Sources */,
				385B260F28A3625400F14061 /* CoinInfoCellViewModel.swift in Sources */,
				385B25EF28A2DB1000F14061 /* NetworkService.swift in Sources */,
				385B25F128A2DD2000F14061 /* Coin.swift in Sources */,
				384BE4A028A2C7FA00570C02 /* AppDelegate.swift in Sources */,
				385B25F928A2E9C300F14061 /* RootNavigationController.swift in Sources */,
			);
			runOnlyForDeploymentPostprocessing = 0;
		};
/* End PBXSourcesBuildPhase section */

/* Begin PBXVariantGroup section */
		384BE4A528A2C7FA00570C02 /* Main.storyboard */ = {
			isa = PBXVariantGroup;
			children = (
				384BE4A628A2C7FA00570C02 /* Base */,
			);
			name = Main.storyboard;
			sourceTree = "<group>";
		};
		384BE4AA28A2C7FB00570C02 /* LaunchScreen.storyboard */ = {
			isa = PBXVariantGroup;
			children = (
				384BE4AB28A2C7FB00570C02 /* Base */,
			);
			name = LaunchScreen.storyboard;
			sourceTree = "<group>";
		};
/* End PBXVariantGroup section */

/* Begin XCBuildConfiguration section */
		384BE4AE28A2C7FB00570C02 /* Debug */ = {
			isa = XCBuildConfiguration;
			buildSettings = {
				ALWAYS_SEARCH_USER_PATHS = NO;
				CLANG_ANALYZER_NONNULL = YES;
				CLANG_ANALYZER_NUMBER_OBJECT_CONVERSION = YES_AGGRESSIVE;
				CLANG_CXX_LANGUAGE_STANDARD = "gnu++17";
				CLANG_ENABLE_MODULES = YES;
				CLANG_ENABLE_OBJC_ARC = YES;
				CLANG_ENABLE_OBJC_WEAK = YES;
				CLANG_WARN_BLOCK_CAPTURE_AUTORELEASING = YES;
				CLANG_WARN_BOOL_CONVERSION = YES;
				CLANG_WARN_COMMA = YES;
				CLANG_WARN_CONSTANT_CONVERSION = YES;
				CLANG_WARN_DEPRECATED_OBJC_IMPLEMENTATIONS = YES;
				CLANG_WARN_DIRECT_OBJC_ISA_USAGE = YES_ERROR;
				CLANG_WARN_DOCUMENTATION_COMMENTS = YES;
				CLANG_WARN_EMPTY_BODY = YES;
				CLANG_WARN_ENUM_CONVERSION = YES;
				CLANG_WARN_INFINITE_RECURSION = YES;
				CLANG_WARN_INT_CONVERSION = YES;
				CLANG_WARN_NON_LITERAL_NULL_CONVERSION = YES;
				CLANG_WARN_OBJC_IMPLICIT_RETAIN_SELF = YES;
				CLANG_WARN_OBJC_LITERAL_CONVERSION = YES;
				CLANG_WARN_OBJC_ROOT_CLASS = YES_ERROR;
				CLANG_WARN_QUOTED_INCLUDE_IN_FRAMEWORK_HEADER = YES;
				CLANG_WARN_RANGE_LOOP_ANALYSIS = YES;
				CLANG_WARN_STRICT_PROTOTYPES = YES;
				CLANG_WARN_SUSPICIOUS_MOVE = YES;
				CLANG_WARN_UNGUARDED_AVAILABILITY = YES_AGGRESSIVE;
				CLANG_WARN_UNREACHABLE_CODE = YES;
				CLANG_WARN__DUPLICATE_METHOD_MATCH = YES;
				COPY_PHASE_STRIP = NO;
				DEBUG_INFORMATION_FORMAT = dwarf;
				ENABLE_STRICT_OBJC_MSGSEND = YES;
				ENABLE_TESTABILITY = YES;
				GCC_C_LANGUAGE_STANDARD = gnu11;
				GCC_DYNAMIC_NO_PIC = NO;
				GCC_NO_COMMON_BLOCKS = YES;
				GCC_OPTIMIZATION_LEVEL = 0;
				GCC_PREPROCESSOR_DEFINITIONS = (
					"DEBUG=1",
					"$(inherited)",
				);
				GCC_WARN_64_TO_32_BIT_CONVERSION = YES;
				GCC_WARN_ABOUT_RETURN_TYPE = YES_ERROR;
				GCC_WARN_UNDECLARED_SELECTOR = YES;
				GCC_WARN_UNINITIALIZED_AUTOS = YES_AGGRESSIVE;
				GCC_WARN_UNUSED_FUNCTION = YES;
				GCC_WARN_UNUSED_VARIABLE = YES;
				IPHONEOS_DEPLOYMENT_TARGET = 15.5;
				MTL_ENABLE_DEBUG_INFO = INCLUDE_SOURCE;
				MTL_FAST_MATH = YES;
				ONLY_ACTIVE_ARCH = YES;
				SDKROOT = iphoneos;
				SWIFT_ACTIVE_COMPILATION_CONDITIONS = DEBUG;
				SWIFT_OPTIMIZATION_LEVEL = "-Onone";
			};
			name = Debug;
		};
		384BE4AF28A2C7FB00570C02 /* Release */ = {
			isa = XCBuildConfiguration;
			buildSettings = {
				ALWAYS_SEARCH_USER_PATHS = NO;
				CLANG_ANALYZER_NONNULL = YES;
				CLANG_ANALYZER_NUMBER_OBJECT_CONVERSION = YES_AGGRESSIVE;
				CLANG_CXX_LANGUAGE_STANDARD = "gnu++17";
				CLANG_ENABLE_MODULES = YES;
				CLANG_ENABLE_OBJC_ARC = YES;
				CLANG_ENABLE_OBJC_WEAK = YES;
				CLANG_WARN_BLOCK_CAPTURE_AUTORELEASING = YES;
				CLANG_WARN_BOOL_CONVERSION = YES;
				CLANG_WARN_COMMA = YES;
				CLANG_WARN_CONSTANT_CONVERSION = YES;
				CLANG_WARN_DEPRECATED_OBJC_IMPLEMENTATIONS = YES;
				CLANG_WARN_DIRECT_OBJC_ISA_USAGE = YES_ERROR;
				CLANG_WARN_DOCUMENTATION_COMMENTS = YES;
				CLANG_WARN_EMPTY_BODY = YES;
				CLANG_WARN_ENUM_CONVERSION = YES;
				CLANG_WARN_INFINITE_RECURSION = YES;
				CLANG_WARN_INT_CONVERSION = YES;
				CLANG_WARN_NON_LITERAL_NULL_CONVERSION = YES;
				CLANG_WARN_OBJC_IMPLICIT_RETAIN_SELF = YES;
				CLANG_WARN_OBJC_LITERAL_CONVERSION = YES;
				CLANG_WARN_OBJC_ROOT_CLASS = YES_ERROR;
				CLANG_WARN_QUOTED_INCLUDE_IN_FRAMEWORK_HEADER = YES;
				CLANG_WARN_RANGE_LOOP_ANALYSIS = YES;
				CLANG_WARN_STRICT_PROTOTYPES = YES;
				CLANG_WARN_SUSPICIOUS_MOVE = YES;
				CLANG_WARN_UNGUARDED_AVAILABILITY = YES_AGGRESSIVE;
				CLANG_WARN_UNREACHABLE_CODE = YES;
				CLANG_WARN__DUPLICATE_METHOD_MATCH = YES;
				COPY_PHASE_STRIP = NO;
				DEBUG_INFORMATION_FORMAT = "dwarf-with-dsym";
				ENABLE_NS_ASSERTIONS = NO;
				ENABLE_STRICT_OBJC_MSGSEND = YES;
				GCC_C_LANGUAGE_STANDARD = gnu11;
				GCC_NO_COMMON_BLOCKS = YES;
				GCC_WARN_64_TO_32_BIT_CONVERSION = YES;
				GCC_WARN_ABOUT_RETURN_TYPE = YES_ERROR;
				GCC_WARN_UNDECLARED_SELECTOR = YES;
				GCC_WARN_UNINITIALIZED_AUTOS = YES_AGGRESSIVE;
				GCC_WARN_UNUSED_FUNCTION = YES;
				GCC_WARN_UNUSED_VARIABLE = YES;
				IPHONEOS_DEPLOYMENT_TARGET = 15.5;
				MTL_ENABLE_DEBUG_INFO = NO;
				MTL_FAST_MATH = YES;
				SDKROOT = iphoneos;
				SWIFT_COMPILATION_MODE = wholemodule;
				SWIFT_OPTIMIZATION_LEVEL = "-O";
				VALIDATE_PRODUCT = YES;
			};
			name = Release;
		};
		384BE4B128A2C7FB00570C02 /* Debug */ = {
			isa = XCBuildConfiguration;
			baseConfigurationReference = 384592329123175CE2507307 /* Pods-CoinStats.debug.xcconfig */;
			buildSettings = {
				ASSETCATALOG_COMPILER_APPICON_NAME = AppIcon;
				ASSETCATALOG_COMPILER_GLOBAL_ACCENT_COLOR_NAME = AccentColor;
				CODE_SIGN_STYLE = Automatic;
				CURRENT_PROJECT_VERSION = 1;
				DEVELOPMENT_TEAM = R482ZLJA25;
				GENERATE_INFOPLIST_FILE = YES;
				INFOPLIST_FILE = "CoinStats/Supporting Files/Info.plist";
				INFOPLIST_KEY_UIApplicationSupportsIndirectInputEvents = YES;
				INFOPLIST_KEY_UILaunchStoryboardName = LaunchScreen;
				INFOPLIST_KEY_UIMainStoryboardFile = Main;
				INFOPLIST_KEY_UIRequiresFullScreen = YES;
				INFOPLIST_KEY_UISupportedInterfaceOrientations = "";
				INFOPLIST_KEY_UISupportedInterfaceOrientations_iPad = "UIInterfaceOrientationPortrait UIInterfaceOrientationPortraitUpsideDown UIInterfaceOrientationLandscapeLeft UIInterfaceOrientationLandscapeRight";
				INFOPLIST_KEY_UISupportedInterfaceOrientations_iPhone = "UIInterfaceOrientationPortrait UIInterfaceOrientationLandscapeLeft UIInterfaceOrientationLandscapeRight";
				IPHONEOS_DEPLOYMENT_TARGET = 12.0;
				LD_RUNPATH_SEARCH_PATHS = (
					"$(inherited)",
					"@executable_path/Frameworks",
				);
				MARKETING_VERSION = 1.0;
				PRODUCT_BUNDLE_IDENTIFIER = com.grigorchapkinyan.CoinStats;
				PRODUCT_NAME = "$(TARGET_NAME)";
				SWIFT_EMIT_LOC_STRINGS = YES;
				SWIFT_VERSION = 5.0;
				TARGETED_DEVICE_FAMILY = "1,2";
			};
			name = Debug;
		};
		384BE4B228A2C7FB00570C02 /* Release */ = {
			isa = XCBuildConfiguration;
			baseConfigurationReference = E819D8325FBDA930BAC30174 /* Pods-CoinStats.release.xcconfig */;
			buildSettings = {
				ASSETCATALOG_COMPILER_APPICON_NAME = AppIcon;
				ASSETCATALOG_COMPILER_GLOBAL_ACCENT_COLOR_NAME = AccentColor;
				CODE_SIGN_STYLE = Automatic;
				CURRENT_PROJECT_VERSION = 1;
				DEVELOPMENT_TEAM = R482ZLJA25;
				GENERATE_INFOPLIST_FILE = YES;
				INFOPLIST_FILE = "CoinStats/Supporting Files/Info.plist";
				INFOPLIST_KEY_UIApplicationSupportsIndirectInputEvents = YES;
				INFOPLIST_KEY_UILaunchStoryboardName = LaunchScreen;
				INFOPLIST_KEY_UIMainStoryboardFile = Main;
				INFOPLIST_KEY_UIRequiresFullScreen = YES;
				INFOPLIST_KEY_UISupportedInterfaceOrientations = "";
				INFOPLIST_KEY_UISupportedInterfaceOrientations_iPad = "UIInterfaceOrientationPortrait UIInterfaceOrientationPortraitUpsideDown UIInterfaceOrientationLandscapeLeft UIInterfaceOrientationLandscapeRight";
				INFOPLIST_KEY_UISupportedInterfaceOrientations_iPhone = "UIInterfaceOrientationPortrait UIInterfaceOrientationLandscapeLeft UIInterfaceOrientationLandscapeRight";
				IPHONEOS_DEPLOYMENT_TARGET = 12.0;
				LD_RUNPATH_SEARCH_PATHS = (
					"$(inherited)",
					"@executable_path/Frameworks",
				);
				MARKETING_VERSION = 1.0;
				PRODUCT_BUNDLE_IDENTIFIER = com.grigorchapkinyan.CoinStats;
				PRODUCT_NAME = "$(TARGET_NAME)";
				SWIFT_EMIT_LOC_STRINGS = YES;
				SWIFT_VERSION = 5.0;
				TARGETED_DEVICE_FAMILY = "1,2";
			};
			name = Release;
		};
/* End XCBuildConfiguration section */

/* Begin XCConfigurationList section */
		384BE49728A2C7FA00570C02 /* Build configuration list for PBXProject "CoinStats" */ = {
			isa = XCConfigurationList;
			buildConfigurations = (
				384BE4AE28A2C7FB00570C02 /* Debug */,
				384BE4AF28A2C7FB00570C02 /* Release */,
			);
			defaultConfigurationIsVisible = 0;
			defaultConfigurationName = Release;
		};
		384BE4B028A2C7FB00570C02 /* Build configuration list for PBXNativeTarget "CoinStats" */ = {
			isa = XCConfigurationList;
			buildConfigurations = (
				384BE4B128A2C7FB00570C02 /* Debug */,
				384BE4B228A2C7FB00570C02 /* Release */,
			);
			defaultConfigurationIsVisible = 0;
			defaultConfigurationName = Release;
		};
/* End XCConfigurationList section */
	};
	rootObject = 384BE49428A2C7FA00570C02 /* Project object */;
}
